{
  "name": "react-test",
  "lockfileVersion": 2,
  "requires": true,
  "packages": {
    "": {
      "dependencies": {
        "bpor-dev-resource": "^0.1.11"
      }
    },
    "node_modules/@stencil/core": {
      "version": "2.17.3",
      "resolved": "https://registry.npmjs.org/@stencil/core/-/core-2.17.3.tgz",
      "integrity": "sha512-qw2DZzOpyaltLLEfYRTj3n+XbvRtkmv4QQimYDJubC6jMY0NXK9r6H2+VyszdbbVmvK1D9GqZtyvY0NmOrztsg==",
      "bin": {
        "stencil": "bin/stencil"
      },
      "engines": {
        "node": ">=12.10.0",
        "npm": ">=6.0.0"
      }
    },
    "node_modules/bpor-dev-resource": {
      "version": "0.1.11",
      "resolved": "https://registry.npmjs.org/bpor-dev-resource/-/bpor-dev-resource-0.1.11.tgz",
      "integrity": "sha512-I5bWcgCHvXTxptqanLEkr/iqC3ujnZRUGQUFP8XUkBWl07pcf8c7Nk8riWwHPItwXx/7CCfPmk6c2CsJ5LfKDg==",
      "dependencies": {
        "@stencil/core": "^2.13.0"
      }
    }
  },
  "dependencies": {
    "@stencil/core": {
      "version": "2.17.3",
      "resolved": "https://registry.npmjs.org/@stencil/core/-/core-2.17.3.tgz",
      "integrity": "sha512-qw2DZzOpyaltLLEfYRTj3n+XbvRtkmv4QQimYDJubC6jMY0NXK9r6H2+VyszdbbVmvK1D9GqZtyvY0NmOrztsg=="
    },
    "bpor-dev-resource": {
      "version": "0.1.11",
      "resolved": "https://registry.npmjs.org/bpor-dev-resource/-/bpor-dev-resource-0.1.11.tgz",
      "integrity": "sha512-I5bWcgCHvXTxptqanLEkr/iqC3ujnZRUGQUFP8XUkBWl07pcf8c7Nk8riWwHPItwXx/7CCfPmk6c2CsJ5LfKDg==",
      "requires": {
        "@stencil/core": "^2.13.0"
      }
    }
  }
}
